<?xml version="1.0" encoding="UTF-8" standalone="yes" ?>
<CodeBlocks_project_file>
	<FileVersion major="1" minor="6" />
	<Project>
		<Option title="EasyHub" />
		<Option pch_mode="2" />
		<Option compiler="gcc" />
		<Build>
			<Target title="Debug">
				<Option output="bin/Debug/EasyHub" prefix_auto="1" extension_auto="1" />
				<Option object_output="obj/Debug/" />
				<Option type="1" />
				<Option compiler="gcc" />
				<Compiler>
					<Add option="-g" />
				</Compiler>
			</Target>
			<Target title="Release">
				<Option output="bin/Release/EasyHub" prefix_auto="1" extension_auto="1" />
				<Option object_output="obj/Release/" />
				<Option type="1" />
				<Option compiler="gcc" />
				<Compiler>
					<Add option="-O2" />
				</Compiler>
				<Linker>
					<Add option="-s" />
				</Linker>
			</Target>
		</Build>
		<Compiler>
			<Add option="-Wall" />
			<Add option="-fexceptions" />
		</Compiler>
		<Unit filename="includes/EnvVar.h" />
		<Unit filename="includes/Hub.h" />
		<Unit filename="includes/Parser.h" />
		<Unit filename="includes/Printer.h" />
		<Unit filename="includes/Utils.h" />
		<Unit filename="includes/Var.h" />
		<Unit filename="source/EnvVar.cpp" />
		<Unit filename="source/Hub.cpp" />
		<Unit filename="source/Parser.cpp" />
		<Unit filename="source/Printer.cpp" />
		<Unit filename="source/Utils.cpp" />
		<Unit filename="source/Var.cpp" />
		<Unit filename="source/main.cpp" />
		<Extensions>
			<code_completion />
			<envvars />
			<debugger />
			<lib_finder disable_auto="1" />
		</Extensions>
	</Project>
</CodeBlocks_project_file>
